
Microsoft Visual Studio Solution File, Format Version 11.00
# Visual Studio 2010
Project("{FAE04EC0-301F-11D3-BF4B-00C04F79EFBC}") = "UnityEngine.UI", "UnityEngine.UI.csproj", "{9b5e1663-a26d-b8c2-7508-b95975cab7f7}"
EndProject
Project("{FAE04EC0-301F-11D3-BF4B-00C04F79EFBC}") = "UnityEditor.UI", "UnityEditor.UI.csproj", "{47a2cba1-ab33-4418-18a1-2fec9337bda6}"
EndProject
Project("{FAE04EC0-301F-11D3-BF4B-00C04F79EFBC}") = "Unity.2D.Tilemap.Editor", "Unity.2D.Tilemap.Editor.csproj", "{980c3ce1-8e77-b97d-ea5c-edf1c6cdc4cf}"
EndProject
Project("{FAE04EC0-301F-11D3-BF4B-00C04F79EFBC}") = "Assembly-CSharp-Editor-firstpass", "Assembly-CSharp-Editor-firstpass.csproj", "{bf08b1bd-e41a-1fe2-a4ed-0b4122dd3e8a}"
EndProject
Project("{FAE04EC0-301F-11D3-BF4B-00C04F79EFBC}") = "Assembly-CSharp", "Assembly-CSharp.csproj", "{b7982868-2885-09ba-8601-1db1ff8bfa71}"
EndProject
Project("{FAE04EC0-301F-11D3-BF4B-00C04F79EFBC}") = "Assembly-CSharp-firstpass", "Assembly-CSharp-firstpass.csproj", "{0cba07cb-8725-0c8c-1087-051ddf33c765}"
EndProject
Project("{FAE04EC0-301F-11D3-BF4B-00C04F79EFBC}") = "Unity.2D.Sprite.Editor", "Unity.2D.Sprite.Editor.csproj", "{454860fb-438c-d584-2a8b-116999e1d596}"
EndProject
Global
	GlobalSection(SolutionConfigurationPlatforms) = preSolution
		Debug|Any CPU = Debug|Any CPU
	EndGlobalSection
	GlobalSection(ProjectConfigurationPlatforms) = postSolution
		{9b5e1663-a26d-b8c2-7508-b95975cab7f7}.Debug|Any CPU.ActiveCfg = Debug|Any CPU
		{9b5e1663-a26d-b8c2-7508-b95975cab7f7}.Debug|Any CPU.Build.0 = Debug|Any CPU
		{47a2cba1-ab33-4418-18a1-2fec9337bda6}.Debug|Any CPU.ActiveCfg = Debug|Any CPU
		{47a2cba1-ab33-4418-18a1-2fec9337bda6}.Debug|Any CPU.Build.0 = Debug|Any CPU
		{980c3ce1-8e77-b97d-ea5c-edf1c6cdc4cf}.Debug|Any CPU.ActiveCfg = Debug|Any CPU
		{980c3ce1-8e77-b97d-ea5c-edf1c6cdc4cf}.Debug|Any CPU.Build.0 = Debug|Any CPU
		{bf08b1bd-e41a-1fe2-a4ed-0b4122dd3e8a}.Debug|Any CPU.ActiveCfg = Debug|Any CPU
		{bf08b1bd-e41a-1fe2-a4ed-0b4122dd3e8a}.Debug|Any CPU.Build.0 = Debug|Any CPU
		{b7982868-2885-09ba-8601-1db1ff8bfa71}.Debug|Any CPU.ActiveCfg = Debug|Any CPU
		{b7982868-2885-09ba-8601-1db1ff8bfa71}.Debug|Any CPU.Build.0 = Debug|Any CPU
		{0cba07cb-8725-0c8c-1087-051ddf33c765}.Debug|Any CPU.ActiveCfg = Debug|Any CPU
		{0cba07cb-8725-0c8c-1087-051ddf33c765}.Debug|Any CPU.Build.0 = Debug|Any CPU
		{454860fb-438c-d584-2a8b-116999e1d596}.Debug|Any CPU.ActiveCfg = Debug|Any CPU
		{454860fb-438c-d584-2a8b-116999e1d596}.Debug|Any CPU.Build.0 = Debug|Any CPU
	EndGlobalSection
	GlobalSection(SolutionProperties) = preSolution
		HideSolutionNode = FALSE
	EndGlobalSection
EndGlobal
